// !$*UTF8*$!
{
	archiveVersion = 1;
	classes = {
	};
	objectVersion = 55;
	objects = {

/* Begin PBXBuildFile section */
		6C03F1EC28C26C530011410B /* Player.swift in Sources */ = {isa = PBXBuildFile; fileRef = 6C03F1EB28C26C530011410B /* Player.swift */; };
		6C03F1EE28C26D390011410B /* Happier than ever.mp3 in Resources */ = {isa = PBXBuildFile; fileRef = 6C03F1ED28C26D390011410B /* Happier than ever.mp3 */; };
		6C03F1F028C26D410011410B /* Hills.mp3 in Resources */ = {isa = PBXBuildFile; fileRef = 6C03F1EF28C26D410011410B /* Hills.mp3 */; };
		6C03F1F228C26D470011410B /* Born to die.mp3 in Resources */ = {isa = PBXBuildFile; fileRef = 6C03F1F128C26D470011410B /* Born to die.mp3 */; };
		6C5F237228C22F9D00226BC8 /* AppDelegate.swift in Sources */ = {isa = PBXBuildFile; fileRef = 6C5F237128C22F9D00226BC8 /* AppDelegate.swift */; };
		6C5F237428C22F9D00226BC8 /* SceneDelegate.swift in Sources */ = {isa = PBXBuildFile; fileRef = 6C5F237328C22F9D00226BC8 /* SceneDelegate.swift */; };
		6C5F237628C22F9D00226BC8 /* ViewController.swift in Sources */ = {isa = PBXBuildFile; fileRef = 6C5F237528C22F9D00226BC8 /* ViewController.swift */; };
		6C5F237B28C22F9E00226BC8 /* Assets.xcassets in Resources */ = {isa = PBXBuildFile; fileRef = 6C5F237A28C22F9E00226BC8 /* Assets.xcassets */; };
		6C5F237E28C22F9E00226BC8 /* LaunchScreen.storyboard in Resources */ = {isa = PBXBuildFile; fileRef = 6C5F237C28C22F9E00226BC8 /* LaunchScreen.storyboard */; };
		6C5F238928C2388600226BC8 /* PlayerControlsView.swift in Sources */ = {isa = PBXBuildFile; fileRef = 6C5F238828C2388600226BC8 /* PlayerControlsView.swift */; };
		6C5F238C28C23BE700226BC8 /* PlayerControlsModel.swift in Sources */ = {isa = PBXBuildFile; fileRef = 6C5F238B28C23BE700226BC8 /* PlayerControlsModel.swift */; };
		6C5F239028C24BD100226BC8 /* ImageCollectionViewCell.swift in Sources */ = {isa = PBXBuildFile; fileRef = 6C5F238F28C24BD100226BC8 /* ImageCollectionViewCell.swift */; };
		6C5F239328C258F800226BC8 /* ViewControllerViewModel.swift in Sources */ = {isa = PBXBuildFile; fileRef = 6C5F239228C258F800226BC8 /* ViewControllerViewModel.swift */; };
		6C5F239528C25A3A00226BC8 /* AudioTrack.swift in Sources */ = {isa = PBXBuildFile; fileRef = 6C5F239428C25A3A00226BC8 /* AudioTrack.swift */; };
		6C734BE828C37F5C00C3818C /* Int+Format.swift in Sources */ = {isa = PBXBuildFile; fileRef = 6C734BE728C37F5C00C3818C /* Int+Format.swift */; };
/* End PBXBuildFile section */

/* Begin PBXFileReference section */
		6C03F1EB28C26C530011410B /* Player.swift */ = {isa = PBXFileReference; lastKnownFileType = sourcecode.swift; path = Player.swift; sourceTree = "<group>"; };
		6C03F1ED28C26D390011410B /* Happier than ever.mp3 */ = {isa = PBXFileReference; lastKnownFileType = audio.mp3; path = "Happier than ever.mp3"; sourceTree = "<group>"; };
		6C03F1EF28C26D410011410B /* Hills.mp3 */ = {isa = PBXFileReference; lastKnownFileType = audio.mp3; path = Hills.mp3; sourceTree = "<group>"; };
		6C03F1F128C26D470011410B /* Born to die.mp3 */ = {isa = PBXFileReference; lastKnownFileType = audio.mp3; path = "Born to die.mp3"; sourceTree = "<group>"; };
		6C5F236E28C22F9D00226BC8 /* TestTask.app */ = {isa = PBXFileReference; explicitFileType = wrapper.application; includeInIndex = 0; path = TestTask.app; sourceTree = BUILT_PRODUCTS_DIR; };
		6C5F237128C22F9D00226BC8 /* AppDelegate.swift */ = {isa = PBXFileReference; lastKnownFileType = sourcecode.swift; path = AppDelegate.swift; sourceTree = "<group>"; };
		6C5F237328C22F9D00226BC8 /* SceneDelegate.swift */ = {isa = PBXFileReference; lastKnownFileType = sourcecode.swift; path = SceneDelegate.swift; sourceTree = "<group>"; };
		6C5F237528C22F9D00226BC8 /* ViewController.swift */ = {isa = PBXFileReference; lastKnownFileType = sourcecode.swift; path = ViewController.swift; sourceTree = "<group>"; };
		6C5F237A28C22F9E00226BC8 /* Assets.xcassets */ = {isa = PBXFileReference; lastKnownFileType = folder.assetcatalog; path = Assets.xcassets; sourceTree = "<group>"; };
		6C5F237D28C22F9E00226BC8 /* Base */ = {isa = PBXFileReference; lastKnownFileType = file.storyboard; name = Base; path = Base.lproj/LaunchScreen.storyboard; sourceTree = "<group>"; };
		6C5F237F28C22F9E00226BC8 /* Info.plist */ = {isa = PBXFileReference; lastKnownFileType = text.plist.xml; path = Info.plist; sourceTree = "<group>"; };
		6C5F238828C2388600226BC8 /* PlayerControlsView.swift */ = {isa = PBXFileReference; lastKnownFileType = sourcecode.swift; path = PlayerControlsView.swift; sourceTree = "<group>"; };
		6C5F238B28C23BE700226BC8 /* PlayerControlsModel.swift */ = {isa = PBXFileReference; lastKnownFileType = sourcecode.swift; path = PlayerControlsModel.swift; sourceTree = "<group>"; };
		6C5F238F28C24BD100226BC8 /* ImageCollectionViewCell.swift */ = {isa = PBXFileReference; lastKnownFileType = sourcecode.swift; path = ImageCollectionViewCell.swift; sourceTree = "<group>"; };
		6C5F239228C258F800226BC8 /* ViewControllerViewModel.swift */ = {isa = PBXFileReference; lastKnownFileType = sourcecode.swift; path = ViewControllerViewModel.swift; sourceTree = "<group>"; };
		6C5F239428C25A3A00226BC8 /* AudioTrack.swift */ = {isa = PBXFileReference; lastKnownFileType = sourcecode.swift; path = AudioTrack.swift; sourceTree = "<group>"; };
		6C734BE728C37F5C00C3818C /* Int+Format.swift */ = {isa = PBXFileReference; lastKnownFileType = sourcecode.swift; path = "Int+Format.swift"; sourceTree = "<group>"; };
/* End PBXFileReference section */

/* Begin PBXFrameworksBuildPhase section */
		6C5F236B28C22F9D00226BC8 /* Frameworks */ = {
			isa = PBXFrameworksBuildPhase;
			buildActionMask = 2147483647;
			files = (
			);
			runOnlyForDeploymentPostprocessing = 0;
		};
/* End PBXFrameworksBuildPhase section */

/* Begin PBXGroup section */
		6C5F236528C22F9D00226BC8 = {
			isa = PBXGroup;
			children = (
				6C5F237028C22F9D00226BC8 /* TestTask */,
				6C5F236F28C22F9D00226BC8 /* Products */,
			);
			sourceTree = "<group>";
		};
		6C5F236F28C22F9D00226BC8 /* Products */ = {
			isa = PBXGroup;
			children = (
				6C5F236E28C22F9D00226BC8 /* TestTask.app */,
			);
			name = Products;
			sourceTree = "<group>";
		};
		6C5F237028C22F9D00226BC8 /* TestTask */ = {
			isa = PBXGroup;
			children = (
				6C74ADC428C4A13F00A7AA25 /* ViewModels */,
				6C734BE228C3754200C3818C /* Extensions */,
				6C5F239628C26C0500226BC8 /* Player */,
				6C5F238A28C23BD400226BC8 /* Models */,
				6C5F238728C2386A00226BC8 /* Views */,
				6C5F238628C2385900226BC8 /* Resources */,
				6C5F238528C2384C00226BC8 /* Controller */,
				6C5F237A28C22F9E00226BC8 /* Assets.xcassets */,
				6C5F237F28C22F9E00226BC8 /* Info.plist */,
			);
			path = TestTask;
			sourceTree = "<group>";
		};
		6C5F238528C2384C00226BC8 /* Controller */ = {
			isa = PBXGroup;
			children = (
				6C5F237528C22F9D00226BC8 /* ViewController.swift */,
			);
			path = Controller;
			sourceTree = "<group>";
		};
		6C5F238628C2385900226BC8 /* Resources */ = {
			isa = PBXGroup;
			children = (
				6C74ADC528C4A16400A7AA25 /* Music */,
				6C5F237128C22F9D00226BC8 /* AppDelegate.swift */,
				6C5F237328C22F9D00226BC8 /* SceneDelegate.swift */,
			);
			path = Resources;
			sourceTree = "<group>";
		};
		6C5F238728C2386A00226BC8 /* Views */ = {
			isa = PBXGroup;
			children = (
				6C5F239128C24DC900226BC8 /* Cell */,
				6C5F237C28C22F9E00226BC8 /* LaunchScreen.storyboard */,
				6C5F238828C2388600226BC8 /* PlayerControlsView.swift */,
			);
			path = Views;
			sourceTree = "<group>";
		};
		6C5F238A28C23BD400226BC8 /* Models */ = {
			isa = PBXGroup;
			children = (
				6C5F238B28C23BE700226BC8 /* PlayerControlsModel.swift */,
				6C5F239428C25A3A00226BC8 /* AudioTrack.swift */,
			);
			path = Models;
			sourceTree = "<group>";
		};
		6C5F239128C24DC900226BC8 /* Cell */ = {
			isa = PBXGroup;
			children = (
				6C5F238F28C24BD100226BC8 /* ImageCollectionViewCell.swift */,
			);
			path = Cell;
			sourceTree = "<group>";
		};
		6C5F239628C26C0500226BC8 /* Player */ = {
			isa = PBXGroup;
			children = (
				6C03F1EB28C26C530011410B /* Player.swift */,
			);
			path = Player;
			sourceTree = "<group>";
		};
		6C734BE228C3754200C3818C /* Extensions */ = {
			isa = PBXGroup;
			children = (
				6C734BE728C37F5C00C3818C /* Int+Format.swift */,
			);
			path = Extensions;
			sourceTree = "<group>";
		};
		6C74ADC428C4A13F00A7AA25 /* ViewModels */ = {
			isa = PBXGroup;
			children = (
				6C5F239228C258F800226BC8 /* ViewControllerViewModel.swift */,
			);
			path = ViewModels;
			sourceTree = "<group>";
		};
		6C74ADC528C4A16400A7AA25 /* Music */ = {
			isa = PBXGroup;
			children = (
				6C03F1F128C26D470011410B /* Born to die.mp3 */,
				6C03F1ED28C26D390011410B /* Happier than ever.mp3 */,
				6C03F1EF28C26D410011410B /* Hills.mp3 */,
			);
			path = Music;
			sourceTree = "<group>";
		};
/* End PBXGroup section */

/* Begin PBXNativeTarget section */
		6C5F236D28C22F9D00226BC8 /* TestTask */ = {
			isa = PBXNativeTarget;
			buildConfigurationList = 6C5F238228C22F9E00226BC8 /* Build configuration list for PBXNativeTarget "TestTask" */;
			buildPhases = (
				6C5F236A28C22F9D00226BC8 /* Sources */,
				6C5F236B28C22F9D00226BC8 /* Frameworks */,
				6C5F236C28C22F9D00226BC8 /* Resources */,
			);
			buildRules = (
			);
			dependencies = (
			);
			name = TestTask;
			productName = TestTask;
			productReference = 6C5F236E28C22F9D00226BC8 /* TestTask.app */;
			productType = "com.apple.product-type.application";
		};
/* End PBXNativeTarget section */

/* Begin PBXProject section */
		6C5F236628C22F9D00226BC8 /* Project object */ = {
			isa = PBXProject;
			attributes = {
				BuildIndependentTargetsInParallel = 1;
				LastSwiftUpdateCheck = 1340;
				LastUpgradeCheck = 1340;
				TargetAttributes = {
					6C5F236D28C22F9D00226BC8 = {
						CreatedOnToolsVersion = 13.4.1;
					};
				};
			};
			buildConfigurationList = 6C5F236928C22F9D00226BC8 /* Build configuration list for PBXProject "TestTask" */;
			compatibilityVersion = "Xcode 13.0";
			developmentRegion = en;
			hasScannedForEncodings = 0;
			knownRegions = (
				en,
				Base,
			);
			mainGroup = 6C5F236528C22F9D00226BC8;
			productRefGroup = 6C5F236F28C22F9D00226BC8 /* Products */;
			projectDirPath = "";
			projectRoot = "";
			targets = (
				6C5F236D28C22F9D00226BC8 /* TestTask */,
			);
		};
/* End PBXProject section */

/* Begin PBXResourcesBuildPhase section */
		6C5F236C28C22F9D00226BC8 /* Resources */ = {
			isa = PBXResourcesBuildPhase;
			buildActionMask = 2147483647;
			files = (
				6C5F237E28C22F9E00226BC8 /* LaunchScreen.storyboard in Resources */,
				6C5F237B28C22F9E00226BC8 /* Assets.xcassets in Resources */,
				6C03F1F028C26D410011410B /* Hills.mp3 in Resources */,
				6C03F1EE28C26D390011410B /* Happier than ever.mp3 in Resources */,
				6C03F1F228C26D470011410B /* Born to die.mp3 in Resources */,
			);
			runOnlyForDeploymentPostprocessing = 0;
		};
/* End PBXResourcesBuildPhase section */

/* Begin PBXSourcesBuildPhase section */
		6C5F236A28C22F9D00226BC8 /* Sources */ = {
			isa = PBXSourcesBuildPhase;
			buildActionMask = 2147483647;
			files = (
				6C5F239028C24BD100226BC8 /* ImageCollectionViewCell.swift in Sources */,
				6C5F238928C2388600226BC8 /* PlayerControlsView.swift in Sources */,
				6C5F239528C25A3A00226BC8 /* AudioTrack.swift in Sources */,
				6C5F237628C22F9D00226BC8 /* ViewController.swift in Sources */,
				6C734BE828C37F5C00C3818C /* Int+Format.swift in Sources */,
				6C5F237228C22F9D00226BC8 /* AppDelegate.swift in Sources */,
				6C5F237428C22F9D00226BC8 /* SceneDelegate.swift in Sources */,
				6C5F239328C258F800226BC8 /* ViewControllerViewModel.swift in Sources */,
				6C03F1EC28C26C530011410B /* Player.swift in Sources */,
				6C5F238C28C23BE700226BC8 /* PlayerControlsModel.swift in Sources */,
			);
			runOnlyForDeploymentPostprocessing = 0;
		};
/* End PBXSourcesBuildPhase section */

/* Begin PBXVariantGroup section */
		6C5F237C28C22F9E00226BC8 /* LaunchScreen.storyboard */ = {
			isa = PBXVariantGroup;
			children = (
				6C5F237D28C22F9E00226BC8 /* Base */,
			);
			name = LaunchScreen.storyboard;
			sourceTree = "<group>";
		};
/* End PBXVariantGroup section */

/* Begin XCBuildConfiguration section */
		6C5F238028C22F9E00226BC8 /* Debug */ = {
			isa = XCBuildConfiguration;
			buildSettings = {
				ALWAYS_SEARCH_USER_PATHS = NO;
				CLANG_ANALYZER_NONNULL = YES;
				CLANG_ANALYZER_NUMBER_OBJECT_CONVERSION = YES_AGGRESSIVE;
				CLANG_CXX_LANGUAGE_STANDARD = "gnu++17";
				CLANG_ENABLE_MODULES = YES;
				CLANG_ENABLE_OBJC_ARC = YES;
				CLANG_ENABLE_OBJC_WEAK = YES;
				CLANG_WARN_BLOCK_CAPTURE_AUTORELEASING = YES;
				CLANG_WARN_BOOL_CONVERSION = YES;
				CLANG_WARN_COMMA = YES;
				CLANG_WARN_CONSTANT_CONVERSION = YES;
				CLANG_WARN_DEPRECATED_OBJC_IMPLEMENTATIONS = YES;
				CLANG_WARN_DIRECT_OBJC_ISA_USAGE = YES_ERROR;
				CLANG_WARN_DOCUMENTATION_COMMENTS = YES;
				CLANG_WARN_EMPTY_BODY = YES;
				CLANG_WARN_ENUM_CONVERSION = YES;
				CLANG_WARN_INFINITE_RECURSION = YES;
				CLANG_WARN_INT_CONVERSION = YES;
				CLANG_WARN_NON_LITERAL_NULL_CONVERSION = YES;
				CLANG_WARN_OBJC_IMPLICIT_RETAIN_SELF = YES;
				CLANG_WARN_OBJC_LITERAL_CONVERSION = YES;
				CLANG_WARN_OBJC_ROOT_CLASS = YES_ERROR;
				CLANG_WARN_QUOTED_INCLUDE_IN_FRAMEWORK_HEADER = YES;
				CLANG_WARN_RANGE_LOOP_ANALYSIS = YES;
				CLANG_WARN_STRICT_PROTOTYPES = YES;
				CLANG_WARN_SUSPICIOUS_MOVE = YES;
				CLANG_WARN_UNGUARDED_AVAILABILITY = YES_AGGRESSIVE;
				CLANG_WARN_UNREACHABLE_CODE = YES;
				CLANG_WARN__DUPLICATE_METHOD_MATCH = YES;
				COPY_PHASE_STRIP = NO;
				DEBUG_INFORMATION_FORMAT = dwarf;
				ENABLE_STRICT_OBJC_MSGSEND = YES;
				ENABLE_TESTABILITY = YES;
				GCC_C_LANGUAGE_STANDARD = gnu11;
				GCC_DYNAMIC_NO_PIC = NO;
				GCC_NO_COMMON_BLOCKS = YES;
				GCC_OPTIMIZATION_LEVEL = 0;
				GCC_PREPROCESSOR_DEFINITIONS = (
					"DEBUG=1",
					"$(inherited)",
				);
				GCC_WARN_64_TO_32_BIT_CONVERSION = YES;
				GCC_WARN_ABOUT_RETURN_TYPE = YES_ERROR;
				GCC_WARN_UNDECLARED_SELECTOR = YES;
				GCC_WARN_UNINITIALIZED_AUTOS = YES_AGGRESSIVE;
				GCC_WARN_UNUSED_FUNCTION = YES;
				GCC_WARN_UNUSED_VARIABLE = YES;
				IPHONEOS_DEPLOYMENT_TARGET = 15.5;
				MTL_ENABLE_DEBUG_INFO = INCLUDE_SOURCE;
				MTL_FAST_MATH = YES;
				ONLY_ACTIVE_ARCH = YES;
				SDKROOT = iphoneos;
				SWIFT_ACTIVE_COMPILATION_CONDITIONS = DEBUG;
				SWIFT_OPTIMIZATION_LEVEL = "-Onone";
			};
			name = Debug;
		};
		6C5F238128C22F9E00226BC8 /* Release */ = {
			isa = XCBuildConfiguration;
			buildSettings = {
				ALWAYS_SEARCH_USER_PATHS = NO;
				CLANG_ANALYZER_NONNULL = YES;
				CLANG_ANALYZER_NUMBER_OBJECT_CONVERSION = YES_AGGRESSIVE;
				CLANG_CXX_LANGUAGE_STANDARD = "gnu++17";
				CLANG_ENABLE_MODULES = YES;
				CLANG_ENABLE_OBJC_ARC = YES;
				CLANG_ENABLE_OBJC_WEAK = YES;
				CLANG_WARN_BLOCK_CAPTURE_AUTORELEASING = YES;
				CLANG_WARN_BOOL_CONVERSION = YES;
				CLANG_WARN_COMMA = YES;
				CLANG_WARN_CONSTANT_CONVERSION = YES;
				CLANG_WARN_DEPRECATED_OBJC_IMPLEMENTATIONS = YES;
				CLANG_WARN_DIRECT_OBJC_ISA_USAGE = YES_ERROR;
				CLANG_WARN_DOCUMENTATION_COMMENTS = YES;
				CLANG_WARN_EMPTY_BODY = YES;
				CLANG_WARN_ENUM_CONVERSION = YES;
				CLANG_WARN_INFINITE_RECURSION = YES;
				CLANG_WARN_INT_CONVERSION = YES;
				CLANG_WARN_NON_LITERAL_NULL_CONVERSION = YES;
				CLANG_WARN_OBJC_IMPLICIT_RETAIN_SELF = YES;
				CLANG_WARN_OBJC_LITERAL_CONVERSION = YES;
				CLANG_WARN_OBJC_ROOT_CLASS = YES_ERROR;
				CLANG_WARN_QUOTED_INCLUDE_IN_FRAMEWORK_HEADER = YES;
				CLANG_WARN_RANGE_LOOP_ANALYSIS = YES;
				CLANG_WARN_STRICT_PROTOTYPES = YES;
				CLANG_WARN_SUSPICIOUS_MOVE = YES;
				CLANG_WARN_UNGUARDED_AVAILABILITY = YES_AGGRESSIVE;
				CLANG_WARN_UNREACHABLE_CODE = YES;
				CLANG_WARN__DUPLICATE_METHOD_MATCH = YES;
				COPY_PHASE_STRIP = NO;
				DEBUG_INFORMATION_FORMAT = "dwarf-with-dsym";
				ENABLE_NS_ASSERTIONS = NO;
				ENABLE_STRICT_OBJC_MSGSEND = YES;
				GCC_C_LANGUAGE_STANDARD = gnu11;
				GCC_NO_COMMON_BLOCKS = YES;
				GCC_WARN_64_TO_32_BIT_CONVERSION = YES;
				GCC_WARN_ABOUT_RETURN_TYPE = YES_ERROR;
				GCC_WARN_UNDECLARED_SELECTOR = YES;
				GCC_WARN_UNINITIALIZED_AUTOS = YES_AGGRESSIVE;
				GCC_WARN_UNUSED_FUNCTION = YES;
				GCC_WARN_UNUSED_VARIABLE = YES;
				IPHONEOS_DEPLOYMENT_TARGET = 15.5;
				MTL_ENABLE_DEBUG_INFO = NO;
				MTL_FAST_MATH = YES;
				SDKROOT = iphoneos;
				SWIFT_COMPILATION_MODE = wholemodule;
				SWIFT_OPTIMIZATION_LEVEL = "-O";
				VALIDATE_PRODUCT = YES;
			};
			name = Release;
		};
		6C5F238328C22F9E00226BC8 /* Debug */ = {
			isa = XCBuildConfiguration;
			buildSettings = {
				ASSETCATALOG_COMPILER_APPICON_NAME = AppIcon;
				ASSETCATALOG_COMPILER_GLOBAL_ACCENT_COLOR_NAME = AccentColor;
				CODE_SIGN_STYLE = Automatic;
				CURRENT_PROJECT_VERSION = 1;
				DEVELOPMENT_TEAM = GJCKNQ9BXM;
				GENERATE_INFOPLIST_FILE = YES;
				INFOPLIST_FILE = TestTask/Info.plist;
				INFOPLIST_KEY_UIApplicationSupportsIndirectInputEvents = YES;
				INFOPLIST_KEY_UILaunchStoryboardName = LaunchScreen;
				INFOPLIST_KEY_UISupportedInterfaceOrientations_iPad = "UIInterfaceOrientationPortrait UIInterfaceOrientationPortraitUpsideDown UIInterfaceOrientationLandscapeLeft UIInterfaceOrientationLandscapeRight";
				INFOPLIST_KEY_UISupportedInterfaceOrientations_iPhone = "UIInterfaceOrientationPortrait UIInterfaceOrientationLandscapeLeft UIInterfaceOrientationLandscapeRight";
				LD_RUNPATH_SEARCH_PATHS = (
					"$(inherited)",
					"@executable_path/Frameworks",
				);
				MARKETING_VERSION = 1.0;
				PRODUCT_BUNDLE_IDENTIFIER = "Alex-Kravc.TestTask";
				PRODUCT_NAME = "$(TARGET_NAME)";
				SWIFT_EMIT_LOC_STRINGS = YES;
				SWIFT_VERSION = 5.0;
				TARGETED_DEVICE_FAMILY = "1,2";
			};
			name = Debug;
		};
		6C5F238428C22F9E00226BC8 /* Release */ = {
			isa = XCBuildConfiguration;
			buildSettings = {
				ASSETCATALOG_COMPILER_APPICON_NAME = AppIcon;
				ASSETCATALOG_COMPILER_GLOBAL_ACCENT_COLOR_NAME = AccentColor;
				CODE_SIGN_STYLE = Automatic;
				CURRENT_PROJECT_VERSION = 1;
				DEVELOPMENT_TEAM = GJCKNQ9BXM;
				GENERATE_INFOPLIST_FILE = YES;
				INFOPLIST_FILE = TestTask/Info.plist;
				INFOPLIST_KEY_UIApplicationSupportsIndirectInputEvents = YES;
				INFOPLIST_KEY_UILaunchStoryboardName = LaunchScreen;
				INFOPLIST_KEY_UISupportedInterfaceOrientations_iPad = "UIInterfaceOrientationPortrait UIInterfaceOrientationPortraitUpsideDown UIInterfaceOrientationLandscapeLeft UIInterfaceOrientationLandscapeRight";
				INFOPLIST_KEY_UISupportedInterfaceOrientations_iPhone = "UIInterfaceOrientationPortrait UIInterfaceOrientationLandscapeLeft UIInterfaceOrientationLandscapeRight";
				LD_RUNPATH_SEARCH_PATHS = (
					"$(inherited)",
					"@executable_path/Frameworks",
				);
				MARKETING_VERSION = 1.0;
				PRODUCT_BUNDLE_IDENTIFIER = "Alex-Kravc.TestTask";
				PRODUCT_NAME = "$(TARGET_NAME)";
				SWIFT_EMIT_LOC_STRINGS = YES;
				SWIFT_VERSION = 5.0;
				TARGETED_DEVICE_FAMILY = "1,2";
			};
			name = Release;
		};
/* End XCBuildConfiguration section */

/* Begin XCConfigurationList section */
		6C5F236928C22F9D00226BC8 /* Build configuration list for PBXProject "TestTask" */ = {
			isa = XCConfigurationList;
			buildConfigurations = (
				6C5F238028C22F9E00226BC8 /* Debug */,
				6C5F238128C22F9E00226BC8 /* Release */,
			);
			defaultConfigurationIsVisible = 0;
			defaultConfigurationName = Release;
		};
		6C5F238228C22F9E00226BC8 /* Build configuration list for PBXNativeTarget "TestTask" */ = {
			isa = XCConfigurationList;
			buildConfigurations = (
				6C5F238328C22F9E00226BC8 /* Debug */,
				6C5F238428C22F9E00226BC8 /* Release */,
			);
			defaultConfigurationIsVisible = 0;
			defaultConfigurationName = Release;
		};
/* End XCConfigurationList section */
	};
	rootObject = 6C5F236628C22F9D00226BC8 /* Project object */;
}
